
Microsoft Visual Studio Solution File, Format Version 12.00
# Visual Studio 15
VisualStudioVersion = 15.0.28307.168
MinimumVisualStudioVersion = 10.0.40219.1
Project("{FAE04EC0-301F-11D3-BF4B-00C04F79EFBC}") = "WebAppDez2018", "WebAppDez2018\WebAppDez2018.csproj", "{B06C5D67-308D-48CB-9823-D7D67DB40262}"
EndProject
Global
	GlobalSection(SolutionConfigurationPlatforms) = preSolution
		Debug|Any CPU = Debug|Any CPU
		Release|Any CPU = Release|Any CPU
	EndGlobalSection
	GlobalSection(ProjectConfigurationPlatforms) = postSolution
		{B06C5D67-308D-48CB-9823-D7D67DB40262}.Debug|Any CPU.ActiveCfg = Debug|Any CPU
		{B06C5D67-308D-48CB-9823-D7D67DB40262}.Debug|Any CPU.Build.0 = Debug|Any CPU
		{B06C5D67-308D-48CB-9823-D7D67DB40262}.Release|Any CPU.ActiveCfg = Release|Any CPU
		{B06C5D67-308D-48CB-9823-D7D67DB40262}.Release|Any CPU.Build.0 = Release|Any CPU
	EndGlobalSection
	GlobalSection(SolutionProperties) = preSolution
		HideSolutionNode = FALSE
	EndGlobalSection
	GlobalSection(ExtensibilityGlobals) = postSolution
		SolutionGuid = {20B3EAC8-4844-46F3-89D5-22C7E6B0AD76}
	EndGlobalSection
EndGlobal
